
Microsoft Visual Studio Solution File, Format Version 12.00
# Visual Studio 15
VisualStudioVersion = 15.0.27428.2043
MinimumVisualStudioVersion = 10.0.40219.1
Project("{9A19103F-16F7-4668-BE54-9A1E7A4F7556}") = "adDataWeb", "adDataWeb\adDataWeb.csproj", "{181F7BDE-C213-4790-9646-E1C7F47BF655}"
EndProject
Global
	GlobalSection(SolutionConfigurationPlatforms) = preSolution
		Debug|Any CPU = Debug|Any CPU
		Release|Any CPU = Release|Any CPU
	EndGlobalSection
	GlobalSection(ProjectConfigurationPlatforms) = postSolution
		{181F7BDE-C213-4790-9646-E1C7F47BF655}.Debug|Any CPU.ActiveCfg = Debug|Any CPU
		{181F7BDE-C213-4790-9646-E1C7F47BF655}.Debug|Any CPU.Build.0 = Debug|Any CPU
		{181F7BDE-C213-4790-9646-E1C7F47BF655}.Release|Any CPU.ActiveCfg = Release|Any CPU
		{181F7BDE-C213-4790-9646-E1C7F47BF655}.Release|Any CPU.Build.0 = Release|Any CPU
	EndGlobalSection
	GlobalSection(SolutionProperties) = preSolution
		HideSolutionNode = FALSE
	EndGlobalSection
	GlobalSection(ExtensibilityGlobals) = postSolution
		SolutionGuid = {4A7F8DFA-5B09-48EA-B978-4C742AC43BC2}
	EndGlobalSection
EndGlobal
